{"version":4,"terraform_version":"1.11.5","serial":23,"lineage":"d27e247c-12a8-351d-0775-150927a36107","outputs":{"vm_ips":{"value":{"Test-vm1":[["127.0.0.1"],["192.168.7.169"]],"Test-vm2":[["127.0.0.1"],["192.168.7.165"]],"Test-vm3":[["127.0.0.1"],["192.168.7.167"]],"Test-vm4":[["127.0.0.1"],["192.168.7.170"]]},"type":["object",{"Test-vm1":["list",["list","string"]],"Test-vm2":["list",["list","string"]],"Test-vm3":["list",["list","string"]],"Test-vm4":["list",["list","string"]]}]},"vm_names":{"value":["Test-vm1","Test-vm2","Test-vm3","Test-vm4"],"type":["tuple",["string","string","string","string"]]}},"resources":[{"mode":"managed","type":"proxmox_virtual_environment_vm","name":"vm","provider":"provider[\"registry.opentofu.org/bpg/proxmox\"]","instances":[{"index_key":"Test-vm1","schema_version":0,"attributes":{"acpi":true,"agent":[{"enabled":true,"timeout":"15m","trim":false,"type":"virtio","wait_for_ip":[]}],"amd_sev":[],"audio_device":[],"bios":"seabios","boot_order":["scsi0","net0"],"cdrom":[],"clone":[{"datastore_id":"","full":true,"node_name":"PVE3","retries":1,"vm_id":100}],"cpu":[{"affinity":"","architecture":"","cores":2,"flags":null,"hotplugged":0,"limit":0,"numa":false,"sockets":1,"type":"qemu64","units":0}],"delete_unreferenced_disks_on_destroy":true,"description":null,"disk":[{"aio":"io_uring","backup":true,"cache":"none","datastore_id":"Ceph-Storage","discard":"ignore","file_format":"raw","file_id":"","import_from":"","interface":"scsi0","iothread":false,"path_in_datastore":"vm-600-disk-0","replicate":true,"serial":"","size":50,"speed":[],"ssd":false}],"efi_disk":[],"hook_script_file_id":null,"hostpci":[],"hotplug":null,"id":"600","initialization":[{"datastore_id":"Ceph-Storage","dns":[],"file_format":"","interface":"ide2","ip_config":[{"ipv4":[{"address":"dhcp","gateway":""}],"ipv6":[]}],"meta_data_file_id":"","network_data_file_id":"","type":"","user_account":[{"keys":["ssh-ed25519 AAAAC3NzaC1lZDI1NTE5AAAAIHA9SujbEgSEotECYP8dqGcr0YcEkkesxLyNEUPe7cMZ itadmin@ansible"],"password":"","username":"itadmin"}],"user_data_file_id":"","vendor_data_file_id":""}],"ipv4_addresses":[["127.0.0.1"],["192.168.7.169"]],"ipv6_addresses":[["::1"],["fe80::be24:11ff:fe47:769a"]],"keyboard_layout":"en-us","kvm_arguments":null,"mac_addresses":["00:00:00:00:00:00","BC:24:11:47:76:9A"],"machine":null,"memory":[{"dedicated":2048,"floating":0,"hugepages":"","keep_hugepages":false,"shared":0}],"migrate":false,"name":"Test-vm1","network_device":[{"bridge":"vmbr1","disconnected":false,"enabled":true,"firewall":false,"mac_address":"BC:24:11:47:76:9A","model":"virtio","mtu":0,"queues":0,"rate_limit":0,"trunks":"","vlan_id":0}],"network_interface_names":["lo","eth0"],"node_name":"PVE1","numa":[],"on_boot":true,"operating_system":[],"pool_id":"","protection":false,"purge_on_destroy":true,"reboot":false,"reboot_after_update":true,"rng":[],"scsi_hardware":"virtio-scsi-pci","serial_device":[],"smbios":[],"started":true,"startup":[],"stop_on_destroy":false,"tablet_device":true,"tags":null,"template":false,"timeout_clone":1800,"timeout_create":1800,"timeout_migrate":1800,"timeout_move_disk":1800,"timeout_reboot":1800,"timeout_shutdown_vm":1800,"timeout_start_vm":1800,"timeout_stop_vm":300,"tpm_state":[],"usb":[],"vga":[],"virtiofs":[],"vm_id":600,"watchdog":[]},"sensitive_attributes":[[{"type":"get_attr","value":"initialization"},{"type":"index","value":{"value":0,"type":"number"}},{"type":"get_attr","value":"user_account"},{"type":"index","value":{"value":0,"type":"number"}},{"type":"get_attr","value":"password"}]],"private":"bnVsbA=="},{"index_key":"Test-vm2","schema_version":0,"attributes":{"acpi":true,"agent":[{"enabled":true,"timeout":"15m","trim":false,"type":"virtio","wait_for_ip":[]}],"amd_sev":[],"audio_device":[],"bios":"seabios","boot_order":["scsi0","net0"],"cdrom":[],"clone":[{"datastore_id":"","full":true,"node_name":"PVE3","retries":1,"vm_id":100}],"cpu":[{"affinity":"","architecture":"","cores":2,"flags":null,"hotplugged":0,"limit":0,"numa":false,"sockets":1,"type":"qemu64","units":0}],"delete_unreferenced_disks_on_destroy":true,"description":null,"disk":[{"aio":"io_uring","backup":true,"cache":"none","datastore_id":"Ceph-Storage","discard":"ignore","file_format":"raw","file_id":"","import_from":"","interface":"scsi0","iothread":false,"path_in_datastore":"vm-601-disk-0","replicate":true,"serial":"","size":50,"speed":[],"ssd":false}],"efi_disk":[],"hook_script_file_id":null,"hostpci":[],"hotplug":null,"id":"601","initialization":[{"datastore_id":"Ceph-Storage","dns":[],"file_format":"","interface":"ide2","ip_config":[{"ipv4":[{"address":"dhcp","gateway":""}],"ipv6":[]}],"meta_data_file_id":"","network_data_file_id":"","type":"","user_account":[{"keys":["ssh-ed25519 AAAAC3NzaC1lZDI1NTE5AAAAIHA9SujbEgSEotECYP8dqGcr0YcEkkesxLyNEUPe7cMZ itadmin@ansible"],"password":"","username":"itadmin"}],"user_data_file_id":"","vendor_data_file_id":""}],"ipv4_addresses":[["127.0.0.1"],["192.168.7.165"]],"ipv6_addresses":[["::1"],["fe80::be24:11ff:fecb:7ab0"]],"keyboard_layout":"en-us","kvm_arguments":null,"mac_addresses":["00:00:00:00:00:00","BC:24:11:CB:7A:B0"],"machine":null,"memory":[{"dedicated":2048,"floating":0,"hugepages":"","keep_hugepages":false,"shared":0}],"migrate":false,"name":"Test-vm2","network_device":[{"bridge":"vmbr1","disconnected":false,"enabled":true,"firewall":false,"mac_address":"BC:24:11:CB:7A:B0","model":"virtio","mtu":0,"queues":0,"rate_limit":0,"trunks":"","vlan_id":0}],"network_interface_names":["lo","eth0"],"node_name":"PVE2","numa":[],"on_boot":true,"operating_system":[],"pool_id":"","protection":false,"purge_on_destroy":true,"reboot":false,"reboot_after_update":true,"rng":[],"scsi_hardware":"virtio-scsi-pci","serial_device":[],"smbios":[],"started":true,"startup":[],"stop_on_destroy":false,"tablet_device":true,"tags":null,"template":false,"timeout_clone":1800,"timeout_create":1800,"timeout_migrate":1800,"timeout_move_disk":1800,"timeout_reboot":1800,"timeout_shutdown_vm":1800,"timeout_start_vm":1800,"timeout_stop_vm":300,"tpm_state":[],"usb":[],"vga":[],"virtiofs":[],"vm_id":601,"watchdog":[]},"sensitive_attributes":[[{"type":"get_attr","value":"initialization"},{"type":"index","value":{"value":0,"type":"number"}},{"type":"get_attr","value":"user_account"},{"type":"index","value":{"value":0,"type":"number"}},{"type":"get_attr","value":"password"}]],"private":"bnVsbA=="},{"index_key":"Test-vm3","schema_version":0,"attributes":{"acpi":true,"agent":[{"enabled":true,"timeout":"15m","trim":false,"type":"virtio","wait_for_ip":[]}],"amd_sev":[],"audio_device":[],"bios":"seabios","boot_order":["scsi0","net0"],"cdrom":[],"clone":[{"datastore_id":"","full":true,"node_name":"PVE3","retries":1,"vm_id":100}],"cpu":[{"affinity":"","architecture":"","cores":2,"flags":null,"hotplugged":0,"limit":0,"numa":false,"sockets":1,"type":"qemu64","units":0}],"delete_unreferenced_disks_on_destroy":true,"description":null,"disk":[{"aio":"io_uring","backup":true,"cache":"none","datastore_id":"Ceph-Storage","discard":"ignore","file_format":"raw","file_id":"","import_from":"","interface":"scsi0","iothread":false,"path_in_datastore":"vm-602-disk-0","replicate":true,"serial":"","size":50,"speed":[],"ssd":false}],"efi_disk":[],"hook_script_file_id":null,"hostpci":[],"hotplug":null,"id":"602","initialization":[{"datastore_id":"Ceph-Storage","dns":[],"file_format":"","interface":"ide2","ip_config":[{"ipv4":[{"address":"dhcp","gateway":""}],"ipv6":[]}],"meta_data_file_id":"","network_data_file_id":"","type":"","user_account":[{"keys":["ssh-ed25519 AAAAC3NzaC1lZDI1NTE5AAAAIHA9SujbEgSEotECYP8dqGcr0YcEkkesxLyNEUPe7cMZ itadmin@ansible"],"password":"","username":"itadmin"}],"user_data_file_id":"","vendor_data_file_id":""}],"ipv4_addresses":[["127.0.0.1"],["192.168.7.167"]],"ipv6_addresses":[["::1"],["fe80::be24:11ff:fefc:66db"]],"keyboard_layout":"en-us","kvm_arguments":null,"mac_addresses":["00:00:00:00:00:00","BC:24:11:FC:66:DB"],"machine":null,"memory":[{"dedicated":2048,"floating":0,"hugepages":"","keep_hugepages":false,"shared":0}],"migrate":false,"name":"Test-vm3","network_device":[{"bridge":"vmbr1","disconnected":false,"enabled":true,"firewall":false,"mac_address":"BC:24:11:FC:66:DB","model":"virtio","mtu":0,"queues":0,"rate_limit":0,"trunks":"","vlan_id":0}],"network_interface_names":["lo","eth0"],"node_name":"PVE3","numa":[],"on_boot":true,"operating_system":[],"pool_id":"","protection":false,"purge_on_destroy":true,"reboot":false,"reboot_after_update":true,"rng":[],"scsi_hardware":"virtio-scsi-pci","serial_device":[],"smbios":[],"started":true,"startup":[],"stop_on_destroy":false,"tablet_device":true,"tags":null,"template":false,"timeout_clone":1800,"timeout_create":1800,"timeout_migrate":1800,"timeout_move_disk":1800,"timeout_reboot":1800,"timeout_shutdown_vm":1800,"timeout_start_vm":1800,"timeout_stop_vm":300,"tpm_state":[],"usb":[],"vga":[],"virtiofs":[],"vm_id":602,"watchdog":[]},"sensitive_attributes":[[{"type":"get_attr","value":"initialization"},{"type":"index","value":{"value":0,"type":"number"}},{"type":"get_attr","value":"user_account"},{"type":"index","value":{"value":0,"type":"number"}},{"type":"get_attr","value":"password"}]],"private":"bnVsbA=="},{"index_key":"Test-vm4","schema_version":0,"attributes":{"acpi":true,"agent":[{"enabled":true,"timeout":"15m","trim":false,"type":"virtio","wait_for_ip":[]}],"amd_sev":[],"audio_device":[],"bios":"seabios","boot_order":["scsi0","net0"],"cdrom":[],"clone":[{"datastore_id":"","full":true,"node_name":"PVE3","retries":1,"vm_id":100}],"cpu":[{"affinity":"","architecture":"","cores":4,"flags":null,"hotplugged":0,"limit":0,"numa":false,"sockets":1,"type":"qemu64","units":0}],"delete_unreferenced_disks_on_destroy":true,"description":null,"disk":[{"aio":"io_uring","backup":true,"cache":"none","datastore_id":"Ceph-Storage","discard":"ignore","file_format":"raw","file_id":"","import_from":"","interface":"scsi0","iothread":false,"path_in_datastore":"vm-603-disk-0","replicate":true,"serial":"","size":100,"speed":[],"ssd":false}],"efi_disk":[],"hook_script_file_id":null,"hostpci":[],"hotplug":null,"id":"603","initialization":[{"datastore_id":"Ceph-Storage","dns":[],"file_format":"","interface":"ide2","ip_config":[{"ipv4":[{"address":"dhcp","gateway":""}],"ipv6":[]}],"meta_data_file_id":"","network_data_file_id":"","type":"","user_account":[{"keys":["ssh-ed25519 AAAAC3NzaC1lZDI1NTE5AAAAIHA9SujbEgSEotECYP8dqGcr0YcEkkesxLyNEUPe7cMZ itadmin@ansible"],"password":"","username":"itadmin"}],"user_data_file_id":"","vendor_data_file_id":""}],"ipv4_addresses":[["127.0.0.1"],["192.168.7.170"]],"ipv6_addresses":[["::1"],["fe80::be24:11ff:fe15:9c30"]],"keyboard_layout":"en-us","kvm_arguments":null,"mac_addresses":["00:00:00:00:00:00","BC:24:11:15:9C:30"],"machine":null,"memory":[{"dedicated":4096,"floating":0,"hugepages":"","keep_hugepages":false,"shared":0}],"migrate":false,"name":"Test-vm4","network_device":[{"bridge":"vmbr1","disconnected":false,"enabled":true,"firewall":false,"mac_address":"BC:24:11:15:9C:30","model":"virtio","mtu":0,"queues":0,"rate_limit":0,"trunks":"","vlan_id":0}],"network_interface_names":["lo","eth0"],"node_name":"PVE1","numa":[],"on_boot":true,"operating_system":[],"pool_id":"","protection":false,"purge_on_destroy":true,"reboot":false,"reboot_after_update":true,"rng":[],"scsi_hardware":"virtio-scsi-pci","serial_device":[],"smbios":[],"started":true,"startup":[],"stop_on_destroy":false,"tablet_device":true,"tags":null,"template":false,"timeout_clone":1800,"timeout_create":1800,"timeout_migrate":1800,"timeout_move_disk":1800,"timeout_reboot":1800,"timeout_shutdown_vm":1800,"timeout_start_vm":1800,"timeout_stop_vm":300,"tpm_state":[],"usb":[],"vga":[],"virtiofs":[],"vm_id":603,"watchdog":[]},"sensitive_attributes":[[{"type":"get_attr","value":"initialization"},{"type":"index","value":{"value":0,"type":"number"}},{"type":"get_attr","value":"user_account"},{"type":"index","value":{"value":0,"type":"number"}},{"type":"get_attr","value":"password"}]],"private":"bnVsbA=="}]}],"check_results":null}
